// !$*UTF8*$!
{
	archiveVersion = 1;
	classes = {
	};
	objectVersion = 46;
	objects = {

/* Begin PBXBuildFile section */
		31385C3EC00686EDEFBDCBE3 /* Pods_HQWB.framework in Frameworks */ = {isa = PBXBuildFile; fileRef = 941B4B1112D0B31EF1C4E0F9 /* Pods_HQWB.framework */; };
		8221D0411E6CF6900073D6A2 /* UIBarButtonItem-Extension.swift in Sources */ = {isa = PBXBuildFile; fileRef = 8221D0401E6CF6900073D6A2 /* UIBarButtonItem-Extension.swift */; };
		8221D0431E6D04B40073D6A2 /* TitleButton.swift in Sources */ = {isa = PBXBuildFile; fileRef = 8221D0421E6D04B40073D6A2 /* TitleButton.swift */; };
		8221D0521E6D1FBF0073D6A2 /* PopoViewController.swift in Sources */ = {isa = PBXBuildFile; fileRef = 8221D0501E6D1FBF0073D6A2 /* PopoViewController.swift */; };
		8221D0531E6D1FBF0073D6A2 /* PopoViewController.xib in Resources */ = {isa = PBXBuildFile; fileRef = 8221D0511E6D1FBF0073D6A2 /* PopoViewController.xib */; };
		8221D0571E6D2B200073D6A2 /* HQPresentationController.swift in Sources */ = {isa = PBXBuildFile; fileRef = 8221D0561E6D2B200073D6A2 /* HQPresentationController.swift */; };
		8221D05D1E6D5A810073D6A2 /* PopoverAnimator.swift in Sources */ = {isa = PBXBuildFile; fileRef = 8221D05C1E6D5A810073D6A2 /* PopoverAnimator.swift */; };
		822E0C1A1E65947100BE0573 /* Home.storyboard in Resources */ = {isa = PBXBuildFile; fileRef = 822E0C181E65947100BE0573 /* Home.storyboard */; };
		822E0C1C1E6594B500BE0573 /* Message.storyboard in Resources */ = {isa = PBXBuildFile; fileRef = 822E0C1B1E6594B500BE0573 /* Message.storyboard */; };
		822E0C1F1E6594CC00BE0573 /* Discover.storyboard in Resources */ = {isa = PBXBuildFile; fileRef = 822E0C1D1E6594CC00BE0573 /* Discover.storyboard */; };
		822E0C211E6594DD00BE0573 /* Profile.storyboard in Resources */ = {isa = PBXBuildFile; fileRef = 822E0C201E6594DD00BE0573 /* Profile.storyboard */; };
		822E0C261E659EB200BE0573 /* Main.storyboard in Resources */ = {isa = PBXBuildFile; fileRef = 822E0C251E659EB200BE0573 /* Main.storyboard */; };
		822E0C281E659F8E00BE0573 /* NULL.storyboard in Resources */ = {isa = PBXBuildFile; fileRef = 822E0C271E659F8E00BE0573 /* NULL.storyboard */; };
		823A206A1E764A5D00C9DF54 /* NetworkTools.swift in Sources */ = {isa = PBXBuildFile; fileRef = 823A20691E764A5D00C9DF54 /* NetworkTools.swift */; };
		823A20731E766EA900C9DF54 /* OAuthViewController.swift in Sources */ = {isa = PBXBuildFile; fileRef = 823A20711E766EA900C9DF54 /* OAuthViewController.swift */; };
		823A20741E766EA900C9DF54 /* OAuthViewController.xib in Resources */ = {isa = PBXBuildFile; fileRef = 823A20721E766EA900C9DF54 /* OAuthViewController.xib */; };
		82489A281E67C74500E54A2A /* Category-Button.swift in Sources */ = {isa = PBXBuildFile; fileRef = 82489A271E67C74500E54A2A /* Category-Button.swift */; };
		82489A2E1E67F04700E54A2A /* BaseController.swift in Sources */ = {isa = PBXBuildFile; fileRef = 82489A2D1E67F04700E54A2A /* BaseController.swift */; };
		82489A341E67F47B00E54A2A /* VisitorView.swift in Sources */ = {isa = PBXBuildFile; fileRef = 82489A331E67F47B00E54A2A /* VisitorView.swift */; };
		82489A361E67F4A700E54A2A /* VisitorView.xib in Resources */ = {isa = PBXBuildFile; fileRef = 82489A351E67F4A700E54A2A /* VisitorView.xib */; };
		82F7203D1E641DB000B13BA0 /* AppDelegate.swift in Sources */ = {isa = PBXBuildFile; fileRef = 82F7203C1E641DB000B13BA0 /* AppDelegate.swift */; };
		82F720451E641DB000B13BA0 /* HQWB.xcdatamodeld in Sources */ = {isa = PBXBuildFile; fileRef = 82F720431E641DB000B13BA0 /* HQWB.xcdatamodeld */; };
		82F7204A1E641DB000B13BA0 /* LaunchScreen.storyboard in Resources */ = {isa = PBXBuildFile; fileRef = 82F720481E641DB000B13BA0 /* LaunchScreen.storyboard */; };
		82F720521E6420E500B13BA0 /* Assets.xcassets in Resources */ = {isa = PBXBuildFile; fileRef = 82F720511E6420E500B13BA0 /* Assets.xcassets */; };
		82F7205C1E64338B00B13BA0 /* MainViewController.swift in Sources */ = {isa = PBXBuildFile; fileRef = 82F7205B1E64338B00B13BA0 /* MainViewController.swift */; };
		82F7205E1E6433F600B13BA0 /* HomeViewController.swift in Sources */ = {isa = PBXBuildFile; fileRef = 82F7205D1E6433F600B13BA0 /* HomeViewController.swift */; };
		82F720601E64387400B13BA0 /* DiscoverViewController.swift in Sources */ = {isa = PBXBuildFile; fileRef = 82F7205F1E64387400B13BA0 /* DiscoverViewController.swift */; };
		82F720621E64388200B13BA0 /* MessageViewController.swift in Sources */ = {isa = PBXBuildFile; fileRef = 82F720611E64388200B13BA0 /* MessageViewController.swift */; };
		82F720641E64388F00B13BA0 /* ProfileViewController.swift in Sources */ = {isa = PBXBuildFile; fileRef = 82F720631E64388F00B13BA0 /* ProfileViewController.swift */; };
/* End PBXBuildFile section */

/* Begin PBXFileReference section */
		8221D0401E6CF6900073D6A2 /* UIBarButtonItem-Extension.swift */ = {isa = PBXFileReference; fileEncoding = 4; lastKnownFileType = sourcecode.swift; path = "UIBarButtonItem-Extension.swift"; sourceTree = "<group>"; };
		8221D0421E6D04B40073D6A2 /* TitleButton.swift */ = {isa = PBXFileReference; fileEncoding = 4; lastKnownFileType = sourcecode.swift; path = TitleButton.swift; sourceTree = "<group>"; };
		8221D0501E6D1FBF0073D6A2 /* PopoViewController.swift */ = {isa = PBXFileReference; fileEncoding = 4; lastKnownFileType = sourcecode.swift; path = PopoViewController.swift; sourceTree = "<group>"; };
		8221D0511E6D1FBF0073D6A2 /* PopoViewController.xib */ = {isa = PBXFileReference; fileEncoding = 4; lastKnownFileType = file.xib; path = PopoViewController.xib; sourceTree = "<group>"; };
		8221D0561E6D2B200073D6A2 /* HQPresentationController.swift */ = {isa = PBXFileReference; fileEncoding = 4; lastKnownFileType = sourcecode.swift; path = HQPresentationController.swift; sourceTree = "<group>"; };
		8221D05C1E6D5A810073D6A2 /* PopoverAnimator.swift */ = {isa = PBXFileReference; fileEncoding = 4; lastKnownFileType = sourcecode.swift; path = PopoverAnimator.swift; sourceTree = "<group>"; };
		822E0C191E65947100BE0573 /* Base */ = {isa = PBXFileReference; lastKnownFileType = file.storyboard; name = Base; path = Base.lproj/Home.storyboard; sourceTree = "<group>"; };
		822E0C1B1E6594B500BE0573 /* Message.storyboard */ = {isa = PBXFileReference; fileEncoding = 4; lastKnownFileType = file.storyboard; name = Message.storyboard; path = ../../Message.storyboard; sourceTree = "<group>"; };
		822E0C1E1E6594CC00BE0573 /* Base */ = {isa = PBXFileReference; lastKnownFileType = file.storyboard; name = Base; path = Base.lproj/Discover.storyboard; sourceTree = "<group>"; };
		822E0C201E6594DD00BE0573 /* Profile.storyboard */ = {isa = PBXFileReference; fileEncoding = 4; lastKnownFileType = file.storyboard; name = Profile.storyboard; path = ../../Profile.storyboard; sourceTree = "<group>"; };
		822E0C251E659EB200BE0573 /* Main.storyboard */ = {isa = PBXFileReference; fileEncoding = 4; lastKnownFileType = file.storyboard; path = Main.storyboard; sourceTree = "<group>"; };
		822E0C271E659F8E00BE0573 /* NULL.storyboard */ = {isa = PBXFileReference; fileEncoding = 4; lastKnownFileType = file.storyboard; name = NULL.storyboard; path = ../../NULL.storyboard; sourceTree = "<group>"; };
		823A20691E764A5D00C9DF54 /* NetworkTools.swift */ = {isa = PBXFileReference; fileEncoding = 4; lastKnownFileType = sourcecode.swift; path = NetworkTools.swift; sourceTree = "<group>"; };
		823A20711E766EA900C9DF54 /* OAuthViewController.swift */ = {isa = PBXFileReference; fileEncoding = 4; lastKnownFileType = sourcecode.swift; path = OAuthViewController.swift; sourceTree = "<group>"; };
		823A20721E766EA900C9DF54 /* OAuthViewController.xib */ = {isa = PBXFileReference; fileEncoding = 4; lastKnownFileType = file.xib; path = OAuthViewController.xib; sourceTree = "<group>"; };
		82489A271E67C74500E54A2A /* Category-Button.swift */ = {isa = PBXFileReference; fileEncoding = 4; lastKnownFileType = sourcecode.swift; path = "Category-Button.swift"; sourceTree = "<group>"; };
		82489A2D1E67F04700E54A2A /* BaseController.swift */ = {isa = PBXFileReference; fileEncoding = 4; lastKnownFileType = sourcecode.swift; path = BaseController.swift; sourceTree = "<group>"; };
		82489A331E67F47B00E54A2A /* VisitorView.swift */ = {isa = PBXFileReference; fileEncoding = 4; lastKnownFileType = sourcecode.swift; path = VisitorView.swift; sourceTree = "<group>"; };
		82489A351E67F4A700E54A2A /* VisitorView.xib */ = {isa = PBXFileReference; fileEncoding = 4; lastKnownFileType = file.xib; path = VisitorView.xib; sourceTree = "<group>"; };
		82F720391E641DB000B13BA0 /* HQWB.app */ = {isa = PBXFileReference; explicitFileType = wrapper.application; includeInIndex = 0; path = HQWB.app; sourceTree = BUILT_PRODUCTS_DIR; };
		82F7203C1E641DB000B13BA0 /* AppDelegate.swift */ = {isa = PBXFileReference; lastKnownFileType = sourcecode.swift; path = AppDelegate.swift; sourceTree = "<group>"; };
		82F720441E641DB000B13BA0 /* HQWB.xcdatamodel */ = {isa = PBXFileReference; lastKnownFileType = wrapper.xcdatamodel; path = HQWB.xcdatamodel; sourceTree = "<group>"; };
		82F720491E641DB000B13BA0 /* Base */ = {isa = PBXFileReference; lastKnownFileType = file.storyboard; name = Base; path = Base.lproj/LaunchScreen.storyboard; sourceTree = "<group>"; };
		82F7204B1E641DB000B13BA0 /* Info.plist */ = {isa = PBXFileReference; lastKnownFileType = text.plist.xml; path = Info.plist; sourceTree = "<group>"; };
		82F720511E6420E500B13BA0 /* Assets.xcassets */ = {isa = PBXFileReference; lastKnownFileType = folder.assetcatalog; path = Assets.xcassets; sourceTree = "<group>"; };
		82F7205B1E64338B00B13BA0 /* MainViewController.swift */ = {isa = PBXFileReference; fileEncoding = 4; lastKnownFileType = sourcecode.swift; path = MainViewController.swift; sourceTree = "<group>"; };
		82F7205D1E6433F600B13BA0 /* HomeViewController.swift */ = {isa = PBXFileReference; fileEncoding = 4; lastKnownFileType = sourcecode.swift; path = HomeViewController.swift; sourceTree = "<group>"; };
		82F7205F1E64387400B13BA0 /* DiscoverViewController.swift */ = {isa = PBXFileReference; fileEncoding = 4; lastKnownFileType = sourcecode.swift; path = DiscoverViewController.swift; sourceTree = "<group>"; };
		82F720611E64388200B13BA0 /* MessageViewController.swift */ = {isa = PBXFileReference; fileEncoding = 4; lastKnownFileType = sourcecode.swift; path = MessageViewController.swift; sourceTree = "<group>"; };
		82F720631E64388F00B13BA0 /* ProfileViewController.swift */ = {isa = PBXFileReference; fileEncoding = 4; lastKnownFileType = sourcecode.swift; path = ProfileViewController.swift; sourceTree = "<group>"; };
		941B4B1112D0B31EF1C4E0F9 /* Pods_HQWB.framework */ = {isa = PBXFileReference; explicitFileType = wrapper.framework; includeInIndex = 0; path = Pods_HQWB.framework; sourceTree = BUILT_PRODUCTS_DIR; };
		BE71FEB4E834FA86649B3999 /* Pods-HQWB.debug.xcconfig */ = {isa = PBXFileReference; includeInIndex = 1; lastKnownFileType = text.xcconfig; name = "Pods-HQWB.debug.xcconfig"; path = "Pods/Target Support Files/Pods-HQWB/Pods-HQWB.debug.xcconfig"; sourceTree = "<group>"; };
		C7D34A9A0D6434E7019B51B6 /* Pods-HQWB.release.xcconfig */ = {isa = PBXFileReference; includeInIndex = 1; lastKnownFileType = text.xcconfig; name = "Pods-HQWB.release.xcconfig"; path = "Pods/Target Support Files/Pods-HQWB/Pods-HQWB.release.xcconfig"; sourceTree = "<group>"; };
/* End PBXFileReference section */

/* Begin PBXFrameworksBuildPhase section */
		82F720361E641DB000B13BA0 /* Frameworks */ = {
			isa = PBXFrameworksBuildPhase;
			buildActionMask = 2147483647;
			files = (
				31385C3EC00686EDEFBDCBE3 /* Pods_HQWB.framework in Frameworks */,
			);
			runOnlyForDeploymentPostprocessing = 0;
		};
/* End PBXFrameworksBuildPhase section */

/* Begin PBXGroup section */
		8221D04F1E6D1FA80073D6A2 /* PopoverView */ = {
			isa = PBXGroup;
			children = (
				8221D0501E6D1FBF0073D6A2 /* PopoViewController.swift */,
				8221D0511E6D1FBF0073D6A2 /* PopoViewController.xib */,
				8221D0561E6D2B200073D6A2 /* HQPresentationController.swift */,
				8221D05C1E6D5A810073D6A2 /* PopoverAnimator.swift */,
			);
			path = PopoverView;
			sourceTree = "<group>";
		};
		823A20701E766E8F00C9DF54 /* OAuth */ = {
			isa = PBXGroup;
			children = (
				823A20711E766EA900C9DF54 /* OAuthViewController.swift */,
				823A20721E766EA900C9DF54 /* OAuthViewController.xib */,
			);
			path = OAuth;
			sourceTree = "<group>";
		};
		82489A261E67C73000E54A2A /* Category */ = {
			isa = PBXGroup;
			children = (
				82489A271E67C74500E54A2A /* Category-Button.swift */,
				8221D0401E6CF6900073D6A2 /* UIBarButtonItem-Extension.swift */,
			);
			path = Category;
			sourceTree = "<group>";
		};
		82489A291E67EFF600E54A2A /* visitor */ = {
			isa = PBXGroup;
			children = (
				82489A2D1E67F04700E54A2A /* BaseController.swift */,
				82489A331E67F47B00E54A2A /* VisitorView.swift */,
				82489A351E67F4A700E54A2A /* VisitorView.xib */,
			);
			path = visitor;
			sourceTree = "<group>";
		};
		82F720301E641DB000B13BA0 = {
			isa = PBXGroup;
			children = (
				82F7203B1E641DB000B13BA0 /* HQWB */,
				82F7203A1E641DB000B13BA0 /* Products */,
				ABC5EFF4BB38294C56C4C793 /* Pods */,
				A949DBD983925687834A10FD /* Frameworks */,
			);
			sourceTree = "<group>";
		};
		82F7203A1E641DB000B13BA0 /* Products */ = {
			isa = PBXGroup;
			children = (
				82F720391E641DB000B13BA0 /* HQWB.app */,
			);
			name = Products;
			sourceTree = "<group>";
		};
		82F7203B1E641DB000B13BA0 /* HQWB */ = {
			isa = PBXGroup;
			children = (
				82F720531E6427C700B13BA0 /* Classes */,
				82F7203C1E641DB000B13BA0 /* AppDelegate.swift */,
				82F720481E641DB000B13BA0 /* LaunchScreen.storyboard */,
				82F720511E6420E500B13BA0 /* Assets.xcassets */,
				822E0C251E659EB200BE0573 /* Main.storyboard */,
				82F7204B1E641DB000B13BA0 /* Info.plist */,
				82F720431E641DB000B13BA0 /* HQWB.xcdatamodeld */,
			);
			path = HQWB;
			sourceTree = "<group>";
		};
		82F720531E6427C700B13BA0 /* Classes */ = {
			isa = PBXGroup;
			children = (
				82F720541E6427C700B13BA0 /* Compose(发布) */,
				82F720551E6427C700B13BA0 /* Discover(发现) */,
				82F720561E6427C700B13BA0 /* Home(首页) */,
				82F720571E6427C700B13BA0 /* Main(主要) */,
				82F720581E6427C700B13BA0 /* Message(消息) */,
				82F720591E6427C700B13BA0 /* Profile(我) */,
				82F7205A1E6427C700B13BA0 /* Tools(工具) */,
			);
			path = Classes;
			sourceTree = "<group>";
		};
		82F720541E6427C700B13BA0 /* Compose(发布) */ = {
			isa = PBXGroup;
			children = (
			);
			path = "Compose(发布)";
			sourceTree = "<group>";
		};
		82F720551E6427C700B13BA0 /* Discover(发现) */ = {
			isa = PBXGroup;
			children = (
				82F7205F1E64387400B13BA0 /* DiscoverViewController.swift */,
				822E0C1D1E6594CC00BE0573 /* Discover.storyboard */,
			);
			path = "Discover(发现)";
			sourceTree = "<group>";
		};
		82F720561E6427C700B13BA0 /* Home(首页) */ = {
			isa = PBXGroup;
			children = (
				8221D04F1E6D1FA80073D6A2 /* PopoverView */,
				82F7205D1E6433F600B13BA0 /* HomeViewController.swift */,
				822E0C181E65947100BE0573 /* Home.storyboard */,
			);
			path = "Home(首页)";
			sourceTree = "<group>";
		};
		82F720571E6427C700B13BA0 /* Main(主要) */ = {
			isa = PBXGroup;
			children = (
				823A20701E766E8F00C9DF54 /* OAuth */,
				82489A291E67EFF600E54A2A /* visitor */,
				82F7205B1E64338B00B13BA0 /* MainViewController.swift */,
				822E0C271E659F8E00BE0573 /* NULL.storyboard */,
			);
			path = "Main(主要)";
			sourceTree = "<group>";
		};
		82F720581E6427C700B13BA0 /* Message(消息) */ = {
			isa = PBXGroup;
			children = (
				82F720611E64388200B13BA0 /* MessageViewController.swift */,
				822E0C1B1E6594B500BE0573 /* Message.storyboard */,
			);
			path = "Message(消息)";
			sourceTree = "<group>";
		};
		82F720591E6427C700B13BA0 /* Profile(我) */ = {
			isa = PBXGroup;
			children = (
				82F720631E64388F00B13BA0 /* ProfileViewController.swift */,
				822E0C201E6594DD00BE0573 /* Profile.storyboard */,
			);
			path = "Profile(我)";
			sourceTree = "<group>";
		};
		82F7205A1E6427C700B13BA0 /* Tools(工具) */ = {
			isa = PBXGroup;
			children = (
				823A20691E764A5D00C9DF54 /* NetworkTools.swift */,
				82489A261E67C73000E54A2A /* Category */,
				8221D0421E6D04B40073D6A2 /* TitleButton.swift */,
			);
			path = "Tools(工具)";
			sourceTree = "<group>";
		};
		A949DBD983925687834A10FD /* Frameworks */ = {
			isa = PBXGroup;
			children = (
				941B4B1112D0B31EF1C4E0F9 /* Pods_HQWB.framework */,
			);
			name = Frameworks;
			sourceTree = "<group>";
		};
		ABC5EFF4BB38294C56C4C793 /* Pods */ = {
			isa = PBXGroup;
			children = (
				BE71FEB4E834FA86649B3999 /* Pods-HQWB.debug.xcconfig */,
				C7D34A9A0D6434E7019B51B6 /* Pods-HQWB.release.xcconfig */,
			);
			name = Pods;
			sourceTree = "<group>";
		};
/* End PBXGroup section */

/* Begin PBXNativeTarget section */
		82F720381E641DB000B13BA0 /* HQWB */ = {
			isa = PBXNativeTarget;
			buildConfigurationList = 82F7204E1E641DB000B13BA0 /* Build configuration list for PBXNativeTarget "HQWB" */;
			buildPhases = (
				0D93E2D2B83DEC576ED5B9E9 /* [CP] Check Pods Manifest.lock */,
				82F720351E641DB000B13BA0 /* Sources */,
				82F720361E641DB000B13BA0 /* Frameworks */,
				82F720371E641DB000B13BA0 /* Resources */,
				39E9FF0B712563C62BCCE20F /* [CP] Embed Pods Frameworks */,
				60B7B2AD99E4A58F1023AE97 /* [CP] Copy Pods Resources */,
			);
			buildRules = (
			);
			dependencies = (
			);
			name = HQWB;
			productName = HQWB;
			productReference = 82F720391E641DB000B13BA0 /* HQWB.app */;
			productType = "com.apple.product-type.application";
		};
/* End PBXNativeTarget section */

/* Begin PBXProject section */
		82F720311E641DB000B13BA0 /* Project object */ = {
			isa = PBXProject;
			attributes = {
				LastSwiftUpdateCheck = 0720;
				LastUpgradeCheck = 0720;
				ORGANIZATIONNAME = Jerry_hqyj;
				TargetAttributes = {
					82F720381E641DB000B13BA0 = {
						CreatedOnToolsVersion = 7.2;
					};
				};
			};
			buildConfigurationList = 82F720341E641DB000B13BA0 /* Build configuration list for PBXProject "HQWB" */;
			compatibilityVersion = "Xcode 3.2";
			developmentRegion = English;
			hasScannedForEncodings = 0;
			knownRegions = (
				en,
				Base,
			);
			mainGroup = 82F720301E641DB000B13BA0;
			productRefGroup = 82F7203A1E641DB000B13BA0 /* Products */;
			projectDirPath = "";
			projectRoot = "";
			targets = (
				82F720381E641DB000B13BA0 /* HQWB */,
			);
		};
/* End PBXProject section */

/* Begin PBXResourcesBuildPhase section */
		82F720371E641DB000B13BA0 /* Resources */ = {
			isa = PBXResourcesBuildPhase;
			buildActionMask = 2147483647;
			files = (
				822E0C261E659EB200BE0573 /* Main.storyboard in Resources */,
				822E0C281E659F8E00BE0573 /* NULL.storyboard in Resources */,
				82F7204A1E641DB000B13BA0 /* LaunchScreen.storyboard in Resources */,
				82F720521E6420E500B13BA0 /* Assets.xcassets in Resources */,
				822E0C1C1E6594B500BE0573 /* Message.storyboard in Resources */,
				822E0C1A1E65947100BE0573 /* Home.storyboard in Resources */,
				823A20741E766EA900C9DF54 /* OAuthViewController.xib in Resources */,
				8221D0531E6D1FBF0073D6A2 /* PopoViewController.xib in Resources */,
				822E0C211E6594DD00BE0573 /* Profile.storyboard in Resources */,
				822E0C1F1E6594CC00BE0573 /* Discover.storyboard in Resources */,
				82489A361E67F4A700E54A2A /* VisitorView.xib in Resources */,
			);
			runOnlyForDeploymentPostprocessing = 0;
		};
/* End PBXResourcesBuildPhase section */

/* Begin PBXShellScriptBuildPhase section */
		0D93E2D2B83DEC576ED5B9E9 /* [CP] Check Pods Manifest.lock */ = {
			isa = PBXShellScriptBuildPhase;
			buildActionMask = 2147483647;
			files = (
			);
			inputPaths = (
			);
			name = "[CP] Check Pods Manifest.lock";
			outputPaths = (
			);
			runOnlyForDeploymentPostprocessing = 0;
			shellPath = /bin/sh;
			shellScript = "diff \"${PODS_ROOT}/../Podfile.lock\" \"${PODS_ROOT}/Manifest.lock\" > /dev/null\nif [ $? != 0 ] ; then\n    # print error to STDERR\n    echo \"error: The sandbox is not in sync with the Podfile.lock. Run 'pod install' or update your CocoaPods installation.\" >&2\n    exit 1\nfi\n";
			showEnvVarsInLog = 0;
		};
		39E9FF0B712563C62BCCE20F /* [CP] Embed Pods Frameworks */ = {
			isa = PBXShellScriptBuildPhase;
			buildActionMask = 2147483647;
			files = (
			);
			inputPaths = (
			);
			name = "[CP] Embed Pods Frameworks";
			outputPaths = (
			);
			runOnlyForDeploymentPostprocessing = 0;
			shellPath = /bin/sh;
			shellScript = "\"${SRCROOT}/Pods/Target Support Files/Pods-HQWB/Pods-HQWB-frameworks.sh\"\n";
			showEnvVarsInLog = 0;
		};
		60B7B2AD99E4A58F1023AE97 /* [CP] Copy Pods Resources */ = {
			isa = PBXShellScriptBuildPhase;
			buildActionMask = 2147483647;
			files = (
			);
			inputPaths = (
			);
			name = "[CP] Copy Pods Resources";
			outputPaths = (
			);
			runOnlyForDeploymentPostprocessing = 0;
			shellPath = /bin/sh;
			shellScript = "\"${SRCROOT}/Pods/Target Support Files/Pods-HQWB/Pods-HQWB-resources.sh\"\n";
			showEnvVarsInLog = 0;
		};
/* End PBXShellScriptBuildPhase section */

/* Begin PBXSourcesBuildPhase section */
		82F720351E641DB000B13BA0 /* Sources */ = {
			isa = PBXSourcesBuildPhase;
			buildActionMask = 2147483647;
			files = (
				82F7205C1E64338B00B13BA0 /* MainViewController.swift in Sources */,
				82489A2E1E67F04700E54A2A /* BaseController.swift in Sources */,
				8221D0411E6CF6900073D6A2 /* UIBarButtonItem-Extension.swift in Sources */,
				823A20731E766EA900C9DF54 /* OAuthViewController.swift in Sources */,
				82F720451E641DB000B13BA0 /* HQWB.xcdatamodeld in Sources */,
				8221D0521E6D1FBF0073D6A2 /* PopoViewController.swift in Sources */,
				82F7203D1E641DB000B13BA0 /* AppDelegate.swift in Sources */,
				8221D0571E6D2B200073D6A2 /* HQPresentationController.swift in Sources */,
				82F7205E1E6433F600B13BA0 /* HomeViewController.swift in Sources */,
				823A206A1E764A5D00C9DF54 /* NetworkTools.swift in Sources */,
				82F720641E64388F00B13BA0 /* ProfileViewController.swift in Sources */,
				82F720621E64388200B13BA0 /* MessageViewController.swift in Sources */,
				8221D05D1E6D5A810073D6A2 /* PopoverAnimator.swift in Sources */,
				82489A341E67F47B00E54A2A /* VisitorView.swift in Sources */,
				82F720601E64387400B13BA0 /* DiscoverViewController.swift in Sources */,
				8221D0431E6D04B40073D6A2 /* TitleButton.swift in Sources */,
				82489A281E67C74500E54A2A /* Category-Button.swift in Sources */,
			);
			runOnlyForDeploymentPostprocessing = 0;
		};
/* End PBXSourcesBuildPhase section */

/* Begin PBXVariantGroup section */
		822E0C181E65947100BE0573 /* Home.storyboard */ = {
			isa = PBXVariantGroup;
			children = (
				822E0C191E65947100BE0573 /* Base */,
			);
			name = Home.storyboard;
			path = ../..;
			sourceTree = "<group>";
		};
		822E0C1D1E6594CC00BE0573 /* Discover.storyboard */ = {
			isa = PBXVariantGroup;
			children = (
				822E0C1E1E6594CC00BE0573 /* Base */,
			);
			name = Discover.storyboard;
			path = ../..;
			sourceTree = "<group>";
		};
		82F720481E641DB000B13BA0 /* LaunchScreen.storyboard */ = {
			isa = PBXVariantGroup;
			children = (
				82F720491E641DB000B13BA0 /* Base */,
			);
			name = LaunchScreen.storyboard;
			sourceTree = "<group>";
		};
/* End PBXVariantGroup section */

/* Begin XCBuildConfiguration section */
		82F7204C1E641DB000B13BA0 /* Debug */ = {
			isa = XCBuildConfiguration;
			buildSettings = {
				ALWAYS_SEARCH_USER_PATHS = NO;
				CLANG_CXX_LANGUAGE_STANDARD = "gnu++0x";
				CLANG_CXX_LIBRARY = "libc++";
				CLANG_ENABLE_MODULES = YES;
				CLANG_ENABLE_OBJC_ARC = YES;
				CLANG_WARN_BOOL_CONVERSION = YES;
				CLANG_WARN_CONSTANT_CONVERSION = YES;
				CLANG_WARN_DIRECT_OBJC_ISA_USAGE = YES_ERROR;
				CLANG_WARN_EMPTY_BODY = YES;
				CLANG_WARN_ENUM_CONVERSION = YES;
				CLANG_WARN_INT_CONVERSION = YES;
				CLANG_WARN_OBJC_ROOT_CLASS = YES_ERROR;
				CLANG_WARN_UNREACHABLE_CODE = YES;
				CLANG_WARN__DUPLICATE_METHOD_MATCH = YES;
				"CODE_SIGN_IDENTITY[sdk=iphoneos*]" = "iPhone Developer";
				COPY_PHASE_STRIP = NO;
				DEBUG_INFORMATION_FORMAT = dwarf;
				ENABLE_STRICT_OBJC_MSGSEND = YES;
				ENABLE_TESTABILITY = YES;
				GCC_C_LANGUAGE_STANDARD = gnu99;
				GCC_DYNAMIC_NO_PIC = NO;
				GCC_NO_COMMON_BLOCKS = YES;
				GCC_OPTIMIZATION_LEVEL = 0;
				GCC_PREPROCESSOR_DEFINITIONS = (
					"DEBUG=1",
					"$(inherited)",
				);
				GCC_WARN_64_TO_32_BIT_CONVERSION = YES;
				GCC_WARN_ABOUT_RETURN_TYPE = YES_ERROR;
				GCC_WARN_UNDECLARED_SELECTOR = YES;
				GCC_WARN_UNINITIALIZED_AUTOS = YES_AGGRESSIVE;
				GCC_WARN_UNUSED_FUNCTION = YES;
				GCC_WARN_UNUSED_VARIABLE = YES;
				IPHONEOS_DEPLOYMENT_TARGET = 9.2;
				MTL_ENABLE_DEBUG_INFO = YES;
				ONLY_ACTIVE_ARCH = YES;
				SDKROOT = iphoneos;
				SWIFT_OPTIMIZATION_LEVEL = "-Onone";
			};
			name = Debug;
		};
		82F7204D1E641DB000B13BA0 /* Release */ = {
			isa = XCBuildConfiguration;
			buildSettings = {
				ALWAYS_SEARCH_USER_PATHS = NO;
				CLANG_CXX_LANGUAGE_STANDARD = "gnu++0x";
				CLANG_CXX_LIBRARY = "libc++";
				CLANG_ENABLE_MODULES = YES;
				CLANG_ENABLE_OBJC_ARC = YES;
				CLANG_WARN_BOOL_CONVERSION = YES;
				CLANG_WARN_CONSTANT_CONVERSION = YES;
				CLANG_WARN_DIRECT_OBJC_ISA_USAGE = YES_ERROR;
				CLANG_WARN_EMPTY_BODY = YES;
				CLANG_WARN_ENUM_CONVERSION = YES;
				CLANG_WARN_INT_CONVERSION = YES;
				CLANG_WARN_OBJC_ROOT_CLASS = YES_ERROR;
				CLANG_WARN_UNREACHABLE_CODE = YES;
				CLANG_WARN__DUPLICATE_METHOD_MATCH = YES;
				"CODE_SIGN_IDENTITY[sdk=iphoneos*]" = "iPhone Developer";
				COPY_PHASE_STRIP = NO;
				DEBUG_INFORMATION_FORMAT = "dwarf-with-dsym";
				ENABLE_NS_ASSERTIONS = NO;
				ENABLE_STRICT_OBJC_MSGSEND = YES;
				GCC_C_LANGUAGE_STANDARD = gnu99;
				GCC_NO_COMMON_BLOCKS = YES;
				GCC_WARN_64_TO_32_BIT_CONVERSION = YES;
				GCC_WARN_ABOUT_RETURN_TYPE = YES_ERROR;
				GCC_WARN_UNDECLARED_SELECTOR = YES;
				GCC_WARN_UNINITIALIZED_AUTOS = YES_AGGRESSIVE;
				GCC_WARN_UNUSED_FUNCTION = YES;
				GCC_WARN_UNUSED_VARIABLE = YES;
				IPHONEOS_DEPLOYMENT_TARGET = 9.2;
				MTL_ENABLE_DEBUG_INFO = NO;
				SDKROOT = iphoneos;
				VALIDATE_PRODUCT = YES;
			};
			name = Release;
		};
		82F7204F1E641DB000B13BA0 /* Debug */ = {
			isa = XCBuildConfiguration;
			baseConfigurationReference = BE71FEB4E834FA86649B3999 /* Pods-HQWB.debug.xcconfig */;
			buildSettings = {
				ASSETCATALOG_COMPILER_APPICON_NAME = AppIcon;
				ASSETCATALOG_COMPILER_LAUNCHIMAGE_NAME = "Brand Assets";
				CLANG_ENABLE_MODULES = YES;
				INFOPLIST_FILE = HQWB/Info.plist;
				IPHONEOS_DEPLOYMENT_TARGET = 9.2;
				LD_RUNPATH_SEARCH_PATHS = "$(inherited) @executable_path/Frameworks";
				PRODUCT_BUNDLE_IDENTIFIER = hqyj.HQWB;
				PRODUCT_NAME = "$(TARGET_NAME)";
				SWIFT_OPTIMIZATION_LEVEL = "-Onone";
				TARGETED_DEVICE_FAMILY = 1;
			};
			name = Debug;
		};
		82F720501E641DB000B13BA0 /* Release */ = {
			isa = XCBuildConfiguration;
			baseConfigurationReference = C7D34A9A0D6434E7019B51B6 /* Pods-HQWB.release.xcconfig */;
			buildSettings = {
				ASSETCATALOG_COMPILER_APPICON_NAME = AppIcon;
				ASSETCATALOG_COMPILER_LAUNCHIMAGE_NAME = "Brand Assets";
				CLANG_ENABLE_MODULES = YES;
				INFOPLIST_FILE = HQWB/Info.plist;
				IPHONEOS_DEPLOYMENT_TARGET = 9.2;
				LD_RUNPATH_SEARCH_PATHS = "$(inherited) @executable_path/Frameworks";
				PRODUCT_BUNDLE_IDENTIFIER = hqyj.HQWB;
				PRODUCT_NAME = "$(TARGET_NAME)";
				TARGETED_DEVICE_FAMILY = 1;
			};
			name = Release;
		};
/* End XCBuildConfiguration section */

/* Begin XCConfigurationList section */
		82F720341E641DB000B13BA0 /* Build configuration list for PBXProject "HQWB" */ = {
			isa = XCConfigurationList;
			buildConfigurations = (
				82F7204C1E641DB000B13BA0 /* Debug */,
				82F7204D1E641DB000B13BA0 /* Release */,
			);
			defaultConfigurationIsVisible = 0;
			defaultConfigurationName = Release;
		};
		82F7204E1E641DB000B13BA0 /* Build configuration list for PBXNativeTarget "HQWB" */ = {
			isa = XCConfigurationList;
			buildConfigurations = (
				82F7204F1E641DB000B13BA0 /* Debug */,
				82F720501E641DB000B13BA0 /* Release */,
			);
			defaultConfigurationIsVisible = 0;
			defaultConfigurationName = Release;
		};
/* End XCConfigurationList section */

/* Begin XCVersionGroup section */
		82F720431E641DB000B13BA0 /* HQWB.xcdatamodeld */ = {
			isa = XCVersionGroup;
			children = (
				82F720441E641DB000B13BA0 /* HQWB.xcdatamodel */,
			);
			currentVersion = 82F720441E641DB000B13BA0 /* HQWB.xcdatamodel */;
			path = HQWB.xcdatamodeld;
			sourceTree = "<group>";
			versionGroupType = wrapper.xcdatamodel;
		};
/* End XCVersionGroup section */
	};
	rootObject = 82F720311E641DB000B13BA0 /* Project object */;
}
